
Microsoft Visual Studio Solution File, Format Version 12.00
# Visual Studio Version 17
VisualStudioVersion = 17.7.34018.315
MinimumVisualStudioVersion = 10.0.40219.1
Project("{FAE04EC0-301F-11D3-BF4B-00C04F79EFBC}") = "9-11-23", "9-11-23.csproj", "{CED243B2-0815-40B8-91CF-C69C26017E1E}"
EndProject
Global
	GlobalSection(SolutionConfigurationPlatforms) = preSolution
		Debug|Any CPU = Debug|Any CPU
		Release|Any CPU = Release|Any CPU
	EndGlobalSection
	GlobalSection(ProjectConfigurationPlatforms) = postSolution
		{CED243B2-0815-40B8-91CF-C69C26017E1E}.Debug|Any CPU.ActiveCfg = Debug|Any CPU
		{CED243B2-0815-40B8-91CF-C69C26017E1E}.Debug|Any CPU.Build.0 = Debug|Any CPU
		{CED243B2-0815-40B8-91CF-C69C26017E1E}.Release|Any CPU.ActiveCfg = Release|Any CPU
		{CED243B2-0815-40B8-91CF-C69C26017E1E}.Release|Any CPU.Build.0 = Release|Any CPU
	EndGlobalSection
	GlobalSection(SolutionProperties) = preSolution
		HideSolutionNode = FALSE
	EndGlobalSection
	GlobalSection(ExtensibilityGlobals) = postSolution
		SolutionGuid = {DF45C124-203C-42BD-9F90-5824D9D537CE}
	EndGlobalSection
EndGlobal
