
Microsoft Visual Studio Solution File, Format Version 12.00
# Visual Studio Version 17
VisualStudioVersion = 17.8.34316.72
MinimumVisualStudioVersion = 10.0.40219.1
Project("{8BC9CEB8-8B4A-11D0-8D11-00A0C91BC942}") = "password-hash", "password-hash.vcxproj", "{CE795BDD-33AD-4169-BEF9-348B32FDB670}"
EndProject
Global
	GlobalSection(SolutionConfigurationPlatforms) = preSolution
		Debug|x64 = Debug|x64
		Debug|x86 = Debug|x86
		Release|x64 = Release|x64
		Release|x86 = Release|x86
	EndGlobalSection
	GlobalSection(ProjectConfigurationPlatforms) = postSolution
		{CE795BDD-33AD-4169-BEF9-348B32FDB670}.Debug|x64.ActiveCfg = Debug|x64
		{CE795BDD-33AD-4169-BEF9-348B32FDB670}.Debug|x64.Build.0 = Debug|x64
		{CE795BDD-33AD-4169-BEF9-348B32FDB670}.Debug|x86.ActiveCfg = Debug|Win32
		{CE795BDD-33AD-4169-BEF9-348B32FDB670}.Debug|x86.Build.0 = Debug|Win32
		{CE795BDD-33AD-4169-BEF9-348B32FDB670}.Release|x64.ActiveCfg = Release|x64
		{CE795BDD-33AD-4169-BEF9-348B32FDB670}.Release|x64.Build.0 = Release|x64
		{CE795BDD-33AD-4169-BEF9-348B32FDB670}.Release|x86.ActiveCfg = Release|Win32
		{CE795BDD-33AD-4169-BEF9-348B32FDB670}.Release|x86.Build.0 = Release|Win32
	EndGlobalSection
	GlobalSection(SolutionProperties) = preSolution
		HideSolutionNode = FALSE
	EndGlobalSection
	GlobalSection(ExtensibilityGlobals) = postSolution
		SolutionGuid = {F926DEC8-4D41-4083-AF0B-FB6A2F6C6A95}
	EndGlobalSection
EndGlobal
