
Microsoft Visual Studio Solution File, Format Version 12.00
# Visual Studio Version 17
VisualStudioVersion = 17.7.34018.315
MinimumVisualStudioVersion = 10.0.40219.1
Project("{FAE04EC0-301F-11D3-BF4B-00C04F79EFBC}") = "NP_CW_02_Server", "NP_CW_02_Server\NP_CW_02_Server.csproj", "{726352FF-F4CF-4E3D-B3FE-B362BDE17C03}"
EndProject
Global
	GlobalSection(SolutionConfigurationPlatforms) = preSolution
		Debug|Any CPU = Debug|Any CPU
		Release|Any CPU = Release|Any CPU
	EndGlobalSection
	GlobalSection(ProjectConfigurationPlatforms) = postSolution
		{726352FF-F4CF-4E3D-B3FE-B362BDE17C03}.Debug|Any CPU.ActiveCfg = Debug|Any CPU
		{726352FF-F4CF-4E3D-B3FE-B362BDE17C03}.Debug|Any CPU.Build.0 = Debug|Any CPU
		{726352FF-F4CF-4E3D-B3FE-B362BDE17C03}.Release|Any CPU.ActiveCfg = Release|Any CPU
		{726352FF-F4CF-4E3D-B3FE-B362BDE17C03}.Release|Any CPU.Build.0 = Release|Any CPU
	EndGlobalSection
	GlobalSection(SolutionProperties) = preSolution
		HideSolutionNode = FALSE
	EndGlobalSection
	GlobalSection(ExtensibilityGlobals) = postSolution
		SolutionGuid = {8CC9102E-1C08-4D5D-A720-9B5694CCD270}
	EndGlobalSection
EndGlobal
