
Microsoft Visual Studio Solution File, Format Version 12.00
# Visual Studio Version 17
VisualStudioVersion = 17.7.34018.315
MinimumVisualStudioVersion = 10.0.40219.1
Project("{FAE04EC0-301F-11D3-BF4B-00C04F79EFBC}") = "client", "client.csproj", "{DA561471-5CCB-4DAA-B2AB-A3B3C5CA27F2}"
EndProject
Global
	GlobalSection(SolutionConfigurationPlatforms) = preSolution
		Debug|Any CPU = Debug|Any CPU
		Release|Any CPU = Release|Any CPU
	EndGlobalSection
	GlobalSection(ProjectConfigurationPlatforms) = postSolution
		{DA561471-5CCB-4DAA-B2AB-A3B3C5CA27F2}.Debug|Any CPU.ActiveCfg = Debug|Any CPU
		{DA561471-5CCB-4DAA-B2AB-A3B3C5CA27F2}.Debug|Any CPU.Build.0 = Debug|Any CPU
		{DA561471-5CCB-4DAA-B2AB-A3B3C5CA27F2}.Release|Any CPU.ActiveCfg = Release|Any CPU
		{DA561471-5CCB-4DAA-B2AB-A3B3C5CA27F2}.Release|Any CPU.Build.0 = Release|Any CPU
	EndGlobalSection
	GlobalSection(SolutionProperties) = preSolution
		HideSolutionNode = FALSE
	EndGlobalSection
	GlobalSection(ExtensibilityGlobals) = postSolution
		SolutionGuid = {D602EC51-5305-4419-AB14-D81AB7AA38D0}
	EndGlobalSection
EndGlobal
