
Microsoft Visual Studio Solution File, Format Version 12.00
# Visual Studio Version 17
VisualStudioVersion = 17.7.34018.315
MinimumVisualStudioVersion = 10.0.40219.1
Project("{FAE04EC0-301F-11D3-BF4B-00C04F79EFBC}") = "WinFormsApp1", "WinFormsApp1.csproj", "{E420B49B-68B8-4E7D-B97C-95C046E8FD47}"
EndProject
Global
	GlobalSection(SolutionConfigurationPlatforms) = preSolution
		Debug|Any CPU = Debug|Any CPU
		Release|Any CPU = Release|Any CPU
	EndGlobalSection
	GlobalSection(ProjectConfigurationPlatforms) = postSolution
		{E420B49B-68B8-4E7D-B97C-95C046E8FD47}.Debug|Any CPU.ActiveCfg = Debug|Any CPU
		{E420B49B-68B8-4E7D-B97C-95C046E8FD47}.Debug|Any CPU.Build.0 = Debug|Any CPU
		{E420B49B-68B8-4E7D-B97C-95C046E8FD47}.Release|Any CPU.ActiveCfg = Release|Any CPU
		{E420B49B-68B8-4E7D-B97C-95C046E8FD47}.Release|Any CPU.Build.0 = Release|Any CPU
	EndGlobalSection
	GlobalSection(SolutionProperties) = preSolution
		HideSolutionNode = FALSE
	EndGlobalSection
	GlobalSection(ExtensibilityGlobals) = postSolution
		SolutionGuid = {3570AAF3-930E-4E03-B5E8-ECE71BB6B444}
	EndGlobalSection
EndGlobal
