
Microsoft Visual Studio Solution File, Format Version 12.00
# Visual Studio Version 17
VisualStudioVersion = 17.2.32526.322
MinimumVisualStudioVersion = 10.0.40219.1
Project("{FAE04EC0-301F-11D3-BF4B-00C04F79EFBC}") = "4.12.23", "4.12.23.csproj", "{18FAFBD2-F3B2-477A-89F7-61F2E24E7F94}"
EndProject
Global
	GlobalSection(SolutionConfigurationPlatforms) = preSolution
		Debug|Any CPU = Debug|Any CPU
		Release|Any CPU = Release|Any CPU
	EndGlobalSection
	GlobalSection(ProjectConfigurationPlatforms) = postSolution
		{18FAFBD2-F3B2-477A-89F7-61F2E24E7F94}.Debug|Any CPU.ActiveCfg = Debug|Any CPU
		{18FAFBD2-F3B2-477A-89F7-61F2E24E7F94}.Debug|Any CPU.Build.0 = Debug|Any CPU
		{18FAFBD2-F3B2-477A-89F7-61F2E24E7F94}.Release|Any CPU.ActiveCfg = Release|Any CPU
		{18FAFBD2-F3B2-477A-89F7-61F2E24E7F94}.Release|Any CPU.Build.0 = Release|Any CPU
	EndGlobalSection
	GlobalSection(SolutionProperties) = preSolution
		HideSolutionNode = FALSE
	EndGlobalSection
	GlobalSection(ExtensibilityGlobals) = postSolution
		SolutionGuid = {AF60BB41-AB7C-4FA1-B223-74AB72D56174}
	EndGlobalSection
EndGlobal
