
Microsoft Visual Studio Solution File, Format Version 12.00
# Visual Studio Version 17
VisualStudioVersion = 17.2.32526.322
MinimumVisualStudioVersion = 10.0.40219.1
Project("{FAE04EC0-301F-11D3-BF4B-00C04F79EFBC}") = "4.17.23", "4.17.23.csproj", "{2CB9503B-0EF7-443F-A14F-78CE400C86E0}"
EndProject
Global
	GlobalSection(SolutionConfigurationPlatforms) = preSolution
		Debug|Any CPU = Debug|Any CPU
		Release|Any CPU = Release|Any CPU
	EndGlobalSection
	GlobalSection(ProjectConfigurationPlatforms) = postSolution
		{2CB9503B-0EF7-443F-A14F-78CE400C86E0}.Debug|Any CPU.ActiveCfg = Debug|Any CPU
		{2CB9503B-0EF7-443F-A14F-78CE400C86E0}.Debug|Any CPU.Build.0 = Debug|Any CPU
		{2CB9503B-0EF7-443F-A14F-78CE400C86E0}.Release|Any CPU.ActiveCfg = Release|Any CPU
		{2CB9503B-0EF7-443F-A14F-78CE400C86E0}.Release|Any CPU.Build.0 = Release|Any CPU
	EndGlobalSection
	GlobalSection(SolutionProperties) = preSolution
		HideSolutionNode = FALSE
	EndGlobalSection
	GlobalSection(ExtensibilityGlobals) = postSolution
		SolutionGuid = {15BAAA10-7D84-4022-9BF4-26F0DFAE4A1B}
	EndGlobalSection
EndGlobal
